# THIS IS AN AUTOGENERATED FILE. DO NOT EDIT THIS FILE DIRECTLY.
# yarn lockfile v1


kmp-tor.resource-exec-tor.all@408.22.0:
  version "408.22.0"
  resolved "https://registry.yarnpkg.com/kmp-tor.resource-exec-tor.all/-/kmp-tor.resource-exec-tor.all-408.22.0.tgz#aaff1d91b79ccc52b331aeec281311d709856354"
  integrity sha512-B3WSp7mDADR4Ui+GXGqiO7Tpdu2QxRKnh7TazhMHYrO+WCTHnOaok71J0El7s9np93rEbM5qnTsD/+ZSKx+szA==
  dependencies:
    kmp-tor.resource-exec-tor.linux-android "408.22.0"
    kmp-tor.resource-exec-tor.linux-libc "408.22.0"
    kmp-tor.resource-exec-tor.linux-musl "408.22.0"
    kmp-tor.resource-exec-tor.macos "408.22.0"
    kmp-tor.resource-exec-tor.mingw "408.22.0"

kmp-tor.resource-exec-tor.linux-android@408.22.0:
  version "408.22.0"
  resolved "https://registry.yarnpkg.com/kmp-tor.resource-exec-tor.linux-android/-/kmp-tor.resource-exec-tor.linux-android-408.22.0.tgz#6c6fbf4838d4bd33ebae94bfaa6d3409adccfa76"
  integrity sha512-bAHNt01n36EBvOnDN6RWlrfr58TQe+oPtigh9+1a+OpvHd5TmLMBAE21mAbavXUnRR59bUips9UyurFlQt9EBw==

kmp-tor.resource-exec-tor.linux-libc@408.22.0:
  version "408.22.0"
  resolved "https://registry.yarnpkg.com/kmp-tor.resource-exec-tor.linux-libc/-/kmp-tor.resource-exec-tor.linux-libc-408.22.0.tgz#016fe3c2f09f0d29228fd2cee4333a06b73b39bb"
  integrity sha512-/Oqx+4zhX2IhUnRVYVPimPXc95++Ufqta3IZq6Yi0Z7UMOIHNMbPF57dIFTGInIx96QTTz4dWF32KK16Y/yCjg==

kmp-tor.resource-exec-tor.linux-musl@408.22.0:
  version "408.22.0"
  resolved "https://registry.yarnpkg.com/kmp-tor.resource-exec-tor.linux-musl/-/kmp-tor.resource-exec-tor.linux-musl-408.22.0.tgz#78116f13fa15b0bffe44593cf858176e74ef50d6"
  integrity sha512-RBjdZif4OSYPV1TyC3fLEbupDvrVGJTL5MH5lRIBF/9oxO/nsJHmjG8fvzKPbqNWovVAKt/KZ5UULc10rfYQzA==

kmp-tor.resource-exec-tor.macos@408.22.0:
  version "408.22.0"
  resolved "https://registry.yarnpkg.com/kmp-tor.resource-exec-tor.macos/-/kmp-tor.resource-exec-tor.macos-408.22.0.tgz#f507eee99f03b8d40e30ce988368e90db7313f5c"
  integrity sha512-GV1qVp4vmEpkZS4GzIEQJd8DUq1vcEwxtFW/eJgZ6tw39FqyZdPdRy3KahIQ2j+Kz3HGHrK+GDcM0ls+BhOZiw==

kmp-tor.resource-exec-tor.mingw@408.22.0:
  version "408.22.0"
  resolved "https://registry.yarnpkg.com/kmp-tor.resource-exec-tor.mingw/-/kmp-tor.resource-exec-tor.mingw-408.22.0.tgz#199799ff20ae1bb7bab5a0578510d3c07df34d49"
  integrity sha512-l+l8ITqJsgqNkjtmbFij1K/wC9uuVTGBo+1H4JAf0zxsZsobCIC7jl4idlQrhqL9a+Bf9MDWi4URIQyU1cEr0A==

kmp-tor.resource-geoip@408.22.0:
  version "408.22.0"
  resolved "https://registry.yarnpkg.com/kmp-tor.resource-geoip/-/kmp-tor.resource-geoip-408.22.0.tgz#ddcd5a889f76e3ba13f7587ad5d51af0bba38d3f"
  integrity sha512-FlZ0k/oQiMP85akfSxSj6/sBrQATiWyK8Bv0/K53v3Q0SUobQuvWeF/pvkHhalbNMAJmtIWsrnGPVFrGkifa2A==
